
Microsoft Visual Studio Solution File, Format Version 12.00
# Visual Studio Version 17
VisualStudioVersion = 17.13.35931.197 d17.13
MinimumVisualStudioVersion = 10.0.40219.1
Project("{FAE04EC0-301F-11D3-BF4B-00C04F79EFBC}") = "UnitOfWorkPattern", "UnitOfWorkPattern\UnitOfWorkPattern.csproj", "{0E97D45F-7E75-4A30-813F-4806F70E03EE}"
EndProject
Global
	GlobalSection(SolutionConfigurationPlatforms) = preSolution
		Debug|Any CPU = Debug|Any CPU
		Release|Any CPU = Release|Any CPU
	EndGlobalSection
	GlobalSection(ProjectConfigurationPlatforms) = postSolution
		{0E97D45F-7E75-4A30-813F-4806F70E03EE}.Debug|Any CPU.ActiveCfg = Debug|Any CPU
		{0E97D45F-7E75-4A30-813F-4806F70E03EE}.Debug|Any CPU.Build.0 = Debug|Any CPU
		{0E97D45F-7E75-4A30-813F-4806F70E03EE}.Release|Any CPU.ActiveCfg = Release|Any CPU
		{0E97D45F-7E75-4A30-813F-4806F70E03EE}.Release|Any CPU.Build.0 = Release|Any CPU
	EndGlobalSection
	GlobalSection(SolutionProperties) = preSolution
		HideSolutionNode = FALSE
	EndGlobalSection
	GlobalSection(ExtensibilityGlobals) = postSolution
		SolutionGuid = {7F30E963-5118-4507-84FA-37EC87508AC0}
	EndGlobalSection
EndGlobal
